
Microsoft Visual Studio Solution File, Format Version 12.00
# Visual Studio Version 17
VisualStudioVersion = 17.8.34330.188
MinimumVisualStudioVersion = 10.0.40219.1
Project("{FAE04EC0-301F-11D3-BF4B-00C04F79EFBC}") = "LicencjeCAL", "LicencjeCAL\LicencjeCAL.csproj", "{DD323C12-34CC-4B78-BAD9-1D5D777FE089}"
EndProject
Global
	GlobalSection(SolutionConfigurationPlatforms) = preSolution
		Debug|Any CPU = Debug|Any CPU
		Release|Any CPU = Release|Any CPU
	EndGlobalSection
	GlobalSection(ProjectConfigurationPlatforms) = postSolution
		{DD323C12-34CC-4B78-BAD9-1D5D777FE089}.Debug|Any CPU.ActiveCfg = Debug|Any CPU
		{DD323C12-34CC-4B78-BAD9-1D5D777FE089}.Debug|Any CPU.Build.0 = Debug|Any CPU
		{DD323C12-34CC-4B78-BAD9-1D5D777FE089}.Release|Any CPU.ActiveCfg = Release|Any CPU
		{DD323C12-34CC-4B78-BAD9-1D5D777FE089}.Release|Any CPU.Build.0 = Release|Any CPU
	EndGlobalSection
	GlobalSection(SolutionProperties) = preSolution
		HideSolutionNode = FALSE
	EndGlobalSection
	GlobalSection(ExtensibilityGlobals) = postSolution
		SolutionGuid = {FAD652D1-74A7-4BD1-B150-4C0A19C18C15}
	EndGlobalSection
EndGlobal
